// !$*UTF8*$!
{
	archiveVersion = 1;
	classes = {
	};
	objectVersion = 77;
	objects = {

/* Begin PBXBuildFile section */
		69EF01B72CFF2B4900235013 /* AppCoordinator.swift in Sources */ = {isa = PBXBuildFile; fileRef = 69EF01AA2CFF2B4900235013 /* AppCoordinator.swift */; };
		69EF01B82CFF2B4900235013 /* FirstTabView.swift in Sources */ = {isa = PBXBuildFile; fileRef = 69EF01AE2CFF2B4900235013 /* FirstTabView.swift */; };
		69EF01B92CFF2B4900235013 /* MainTabView.swift in Sources */ = {isa = PBXBuildFile; fileRef = 69EF01AF2CFF2B4900235013 /* MainTabView.swift */; };
		69EF01BA2CFF2B4900235013 /* SecondTabView.swift in Sources */ = {isa = PBXBuildFile; fileRef = 69EF01B02CFF2B4900235013 /* SecondTabView.swift */; };
		69EF01BB2CFF2B4900235013 /* ThirdTabView.swift in Sources */ = {isa = PBXBuildFile; fileRef = 69EF01B12CFF2B4900235013 /* ThirdTabView.swift */; };
		69EF01BC2CFF2B4900235013 /* ContentView.swift in Sources */ = {isa = PBXBuildFile; fileRef = 69EF01B42CFF2B4900235013 /* ContentView.swift */; };
		69EF01BD2CFF2B4900235013 /* NavigationStackSwiftUIApp.swift in Sources */ = {isa = PBXBuildFile; fileRef = 69EF01B52CFF2B4900235013 /* NavigationStackSwiftUIApp.swift */; };
		69EF01BE2CFF2B4900235013 /* Preview Assets.xcassets in Resources */ = {isa = PBXBuildFile; fileRef = 69EF01AC2CFF2B4900235013 /* Preview Assets.xcassets */; };
		69EF01BF2CFF2B4900235013 /* Assets.xcassets in Resources */ = {isa = PBXBuildFile; fileRef = 69EF01B32CFF2B4900235013 /* Assets.xcassets */; };
/* End PBXBuildFile section */

/* Begin PBXFileReference section */
		69EF018D2CFF2AE800235013 /* NavigationStackSwiftUI.app */ = {isa = PBXFileReference; explicitFileType = wrapper.application; includeInIndex = 0; path = NavigationStackSwiftUI.app; sourceTree = BUILT_PRODUCTS_DIR; };
		69EF01AA2CFF2B4900235013 /* AppCoordinator.swift */ = {isa = PBXFileReference; lastKnownFileType = sourcecode.swift; path = AppCoordinator.swift; sourceTree = "<group>"; };
		69EF01AC2CFF2B4900235013 /* Preview Assets.xcassets */ = {isa = PBXFileReference; lastKnownFileType = folder.assetcatalog; path = "Preview Assets.xcassets"; sourceTree = "<group>"; };
		69EF01AE2CFF2B4900235013 /* FirstTabView.swift */ = {isa = PBXFileReference; lastKnownFileType = sourcecode.swift; path = FirstTabView.swift; sourceTree = "<group>"; };
		69EF01AF2CFF2B4900235013 /* MainTabView.swift */ = {isa = PBXFileReference; lastKnownFileType = sourcecode.swift; path = MainTabView.swift; sourceTree = "<group>"; };
		69EF01B02CFF2B4900235013 /* SecondTabView.swift */ = {isa = PBXFileReference; lastKnownFileType = sourcecode.swift; path = SecondTabView.swift; sourceTree = "<group>"; };
		69EF01B12CFF2B4900235013 /* ThirdTabView.swift */ = {isa = PBXFileReference; lastKnownFileType = sourcecode.swift; path = ThirdTabView.swift; sourceTree = "<group>"; };
		69EF01B32CFF2B4900235013 /* Assets.xcassets */ = {isa = PBXFileReference; lastKnownFileType = folder.assetcatalog; path = Assets.xcassets; sourceTree = "<group>"; };
		69EF01B42CFF2B4900235013 /* ContentView.swift */ = {isa = PBXFileReference; lastKnownFileType = sourcecode.swift; path = ContentView.swift; sourceTree = "<group>"; };
		69EF01B52CFF2B4900235013 /* NavigationStackSwiftUIApp.swift */ = {isa = PBXFileReference; lastKnownFileType = sourcecode.swift; path = NavigationStackSwiftUIApp.swift; sourceTree = "<group>"; };
/* End PBXFileReference section */

/* Begin PBXFrameworksBuildPhase section */
		69EF018A2CFF2AE800235013 /* Frameworks */ = {
			isa = PBXFrameworksBuildPhase;
			buildActionMask = 2147483647;
			files = (
			);
			runOnlyForDeploymentPostprocessing = 0;
		};
/* End PBXFrameworksBuildPhase section */

/* Begin PBXGroup section */
		69EF01842CFF2AE800235013 = {
			isa = PBXGroup;
			children = (
				69EF01B62CFF2B4900235013 /* NavigationStackSwiftUI */,
				69EF018E2CFF2AE800235013 /* Products */,
			);
			sourceTree = "<group>";
		};
		69EF018E2CFF2AE800235013 /* Products */ = {
			isa = PBXGroup;
			children = (
				69EF018D2CFF2AE800235013 /* NavigationStackSwiftUI.app */,
			);
			name = Products;
			sourceTree = "<group>";
		};
		69EF01AB2CFF2B4900235013 /* Coordinator */ = {
			isa = PBXGroup;
			children = (
				69EF01AA2CFF2B4900235013 /* AppCoordinator.swift */,
			);
			path = Coordinator;
			sourceTree = "<group>";
		};
		69EF01AD2CFF2B4900235013 /* Preview Content */ = {
			isa = PBXGroup;
			children = (
				69EF01AC2CFF2B4900235013 /* Preview Assets.xcassets */,
			);
			path = "Preview Content";
			sourceTree = "<group>";
		};
		69EF01B22CFF2B4900235013 /* Views */ = {
			isa = PBXGroup;
			children = (
				69EF01AF2CFF2B4900235013 /* MainTabView.swift */,
				69EF01AE2CFF2B4900235013 /* FirstTabView.swift */,
				69EF01B02CFF2B4900235013 /* SecondTabView.swift */,
				69EF01B12CFF2B4900235013 /* ThirdTabView.swift */,
			);
			path = Views;
			sourceTree = "<group>";
		};
		69EF01B62CFF2B4900235013 /* NavigationStackSwiftUI */ = {
			isa = PBXGroup;
			children = (
				69EF01AB2CFF2B4900235013 /* Coordinator */,
				69EF01AD2CFF2B4900235013 /* Preview Content */,
				69EF01B22CFF2B4900235013 /* Views */,
				69EF01B32CFF2B4900235013 /* Assets.xcassets */,
				69EF01B42CFF2B4900235013 /* ContentView.swift */,
				69EF01B52CFF2B4900235013 /* NavigationStackSwiftUIApp.swift */,
			);
			path = NavigationStackSwiftUI;
			sourceTree = "<group>";
		};
/* End PBXGroup section */

/* Begin PBXNativeTarget section */
		69EF018C2CFF2AE800235013 /* NavigationStackSwiftUI */ = {
			isa = PBXNativeTarget;
			buildConfigurationList = 69EF019B2CFF2AEA00235013 /* Build configuration list for PBXNativeTarget "NavigationStackSwiftUI" */;
			buildPhases = (
				69EF01892CFF2AE800235013 /* Sources */,
				69EF018A2CFF2AE800235013 /* Frameworks */,
				69EF018B2CFF2AE800235013 /* Resources */,
			);
			buildRules = (
			);
			dependencies = (
			);
			name = NavigationStackSwiftUI;
			packageProductDependencies = (
			);
			productName = NavigationStackSwiftUI;
			productReference = 69EF018D2CFF2AE800235013 /* NavigationStackSwiftUI.app */;
			productType = "com.apple.product-type.application";
		};
/* End PBXNativeTarget section */

/* Begin PBXProject section */
		69EF01852CFF2AE800235013 /* Project object */ = {
			isa = PBXProject;
			attributes = {
				BuildIndependentTargetsInParallel = 1;
				LastSwiftUpdateCheck = 1600;
				LastUpgradeCheck = 1600;
				TargetAttributes = {
					69EF018C2CFF2AE800235013 = {
						CreatedOnToolsVersion = 16.0;
					};
				};
			};
			buildConfigurationList = 69EF01882CFF2AE800235013 /* Build configuration list for PBXProject "NavigationStackSwiftUI" */;
			developmentRegion = en;
			hasScannedForEncodings = 0;
			knownRegions = (
				en,
				Base,
			);
			mainGroup = 69EF01842CFF2AE800235013;
			minimizedProjectReferenceProxies = 1;
			preferredProjectObjectVersion = 77;
			productRefGroup = 69EF018E2CFF2AE800235013 /* Products */;
			projectDirPath = "";
			projectRoot = "";
			targets = (
				69EF018C2CFF2AE800235013 /* NavigationStackSwiftUI */,
			);
		};
/* End PBXProject section */

/* Begin PBXResourcesBuildPhase section */
		69EF018B2CFF2AE800235013 /* Resources */ = {
			isa = PBXResourcesBuildPhase;
			buildActionMask = 2147483647;
			files = (
				69EF01BE2CFF2B4900235013 /* Preview Assets.xcassets in Resources */,
				69EF01BF2CFF2B4900235013 /* Assets.xcassets in Resources */,
			);
			runOnlyForDeploymentPostprocessing = 0;
		};
/* End PBXResourcesBuildPhase section */

/* Begin PBXSourcesBuildPhase section */
		69EF01892CFF2AE800235013 /* Sources */ = {
			isa = PBXSourcesBuildPhase;
			buildActionMask = 2147483647;
			files = (
				69EF01B72CFF2B4900235013 /* AppCoordinator.swift in Sources */,
				69EF01B82CFF2B4900235013 /* FirstTabView.swift in Sources */,
				69EF01B92CFF2B4900235013 /* MainTabView.swift in Sources */,
				69EF01BA2CFF2B4900235013 /* SecondTabView.swift in Sources */,
				69EF01BB2CFF2B4900235013 /* ThirdTabView.swift in Sources */,
				69EF01BC2CFF2B4900235013 /* ContentView.swift in Sources */,
				69EF01BD2CFF2B4900235013 /* NavigationStackSwiftUIApp.swift in Sources */,
			);
			runOnlyForDeploymentPostprocessing = 0;
		};
/* End PBXSourcesBuildPhase section */

/* Begin XCBuildConfiguration section */
		69EF01992CFF2AEA00235013 /* Debug */ = {
			isa = XCBuildConfiguration;
			buildSettings = {
				ALWAYS_SEARCH_USER_PATHS = NO;
				ASSETCATALOG_COMPILER_GENERATE_SWIFT_ASSET_SYMBOL_EXTENSIONS = YES;
				CLANG_ANALYZER_NONNULL = YES;
				CLANG_ANALYZER_NUMBER_OBJECT_CONVERSION = YES_AGGRESSIVE;
				CLANG_CXX_LANGUAGE_STANDARD = "gnu++20";
				CLANG_ENABLE_MODULES = YES;
				CLANG_ENABLE_OBJC_ARC = YES;
				CLANG_ENABLE_OBJC_WEAK = YES;
				CLANG_WARN_BLOCK_CAPTURE_AUTORELEASING = YES;
				CLANG_WARN_BOOL_CONVERSION = YES;
				CLANG_WARN_COMMA = YES;
				CLANG_WARN_CONSTANT_CONVERSION = YES;
				CLANG_WARN_DEPRECATED_OBJC_IMPLEMENTATIONS = YES;
				CLANG_WARN_DIRECT_OBJC_ISA_USAGE = YES_ERROR;
				CLANG_WARN_DOCUMENTATION_COMMENTS = YES;
				CLANG_WARN_EMPTY_BODY = YES;
				CLANG_WARN_ENUM_CONVERSION = YES;
				CLANG_WARN_INFINITE_RECURSION = YES;
				CLANG_WARN_INT_CONVERSION = YES;
				CLANG_WARN_NON_LITERAL_NULL_CONVERSION = YES;
				CLANG_WARN_OBJC_IMPLICIT_RETAIN_SELF = YES;
				CLANG_WARN_OBJC_LITERAL_CONVERSION = YES;
				CLANG_WARN_OBJC_ROOT_CLASS = YES_ERROR;
				CLANG_WARN_QUOTED_INCLUDE_IN_FRAMEWORK_HEADER = YES;
				CLANG_WARN_RANGE_LOOP_ANALYSIS = YES;
				CLANG_WARN_STRICT_PROTOTYPES = YES;
				CLANG_WARN_SUSPICIOUS_MOVE = YES;
				CLANG_WARN_UNGUARDED_AVAILABILITY = YES_AGGRESSIVE;
				CLANG_WARN_UNREACHABLE_CODE = YES;
				CLANG_WARN__DUPLICATE_METHOD_MATCH = YES;
				COPY_PHASE_STRIP = NO;
				DEBUG_INFORMATION_FORMAT = dwarf;
				ENABLE_STRICT_OBJC_MSGSEND = YES;
				ENABLE_TESTABILITY = YES;
				ENABLE_USER_SCRIPT_SANDBOXING = YES;
				GCC_C_LANGUAGE_STANDARD = gnu17;
				GCC_DYNAMIC_NO_PIC = NO;
				GCC_NO_COMMON_BLOCKS = YES;
				GCC_OPTIMIZATION_LEVEL = 0;
				GCC_PREPROCESSOR_DEFINITIONS = (
					"DEBUG=1",
					"$(inherited)",
				);
				GCC_WARN_64_TO_32_BIT_CONVERSION = YES;
				GCC_WARN_ABOUT_RETURN_TYPE = YES_ERROR;
				GCC_WARN_UNDECLARED_SELECTOR = YES;
				GCC_WARN_UNINITIALIZED_AUTOS = YES_AGGRESSIVE;
				GCC_WARN_UNUSED_FUNCTION = YES;
				GCC_WARN_UNUSED_VARIABLE = YES;
				IPHONEOS_DEPLOYMENT_TARGET = 18.0;
				LOCALIZATION_PREFERS_STRING_CATALOGS = YES;
				MTL_ENABLE_DEBUG_INFO = INCLUDE_SOURCE;
				MTL_FAST_MATH = YES;
				ONLY_ACTIVE_ARCH = YES;
				SDKROOT = iphoneos;
				SWIFT_ACTIVE_COMPILATION_CONDITIONS = "DEBUG $(inherited)";
				SWIFT_OPTIMIZATION_LEVEL = "-Onone";
			};
			name = Debug;
		};
		69EF019A2CFF2AEA00235013 /* Release */ = {
			isa = XCBuildConfiguration;
			buildSettings = {
				ALWAYS_SEARCH_USER_PATHS = NO;
				ASSETCATALOG_COMPILER_GENERATE_SWIFT_ASSET_SYMBOL_EXTENSIONS = YES;
				CLANG_ANALYZER_NONNULL = YES;
				CLANG_ANALYZER_NUMBER_OBJECT_CONVERSION = YES_AGGRESSIVE;
				CLANG_CXX_LANGUAGE_STANDARD = "gnu++20";
				CLANG_ENABLE_MODULES = YES;
				CLANG_ENABLE_OBJC_ARC = YES;
				CLANG_ENABLE_OBJC_WEAK = YES;
				CLANG_WARN_BLOCK_CAPTURE_AUTORELEASING = YES;
				CLANG_WARN_BOOL_CONVERSION = YES;
				CLANG_WARN_COMMA = YES;
				CLANG_WARN_CONSTANT_CONVERSION = YES;
				CLANG_WARN_DEPRECATED_OBJC_IMPLEMENTATIONS = YES;
				CLANG_WARN_DIRECT_OBJC_ISA_USAGE = YES_ERROR;
				CLANG_WARN_DOCUMENTATION_COMMENTS = YES;
				CLANG_WARN_EMPTY_BODY = YES;
				CLANG_WARN_ENUM_CONVERSION = YES;
				CLANG_WARN_INFINITE_RECURSION = YES;
				CLANG_WARN_INT_CONVERSION = YES;
				CLANG_WARN_NON_LITERAL_NULL_CONVERSION = YES;
				CLANG_WARN_OBJC_IMPLICIT_RETAIN_SELF = YES;
				CLANG_WARN_OBJC_LITERAL_CONVERSION = YES;
				CLANG_WARN_OBJC_ROOT_CLASS = YES_ERROR;
				CLANG_WARN_QUOTED_INCLUDE_IN_FRAMEWORK_HEADER = YES;
				CLANG_WARN_RANGE_LOOP_ANALYSIS = YES;
				CLANG_WARN_STRICT_PROTOTYPES = YES;
				CLANG_WARN_SUSPICIOUS_MOVE = YES;
				CLANG_WARN_UNGUARDED_AVAILABILITY = YES_AGGRESSIVE;
				CLANG_WARN_UNREACHABLE_CODE = YES;
				CLANG_WARN__DUPLICATE_METHOD_MATCH = YES;
				COPY_PHASE_STRIP = NO;
				DEBUG_INFORMATION_FORMAT = "dwarf-with-dsym";
				ENABLE_NS_ASSERTIONS = NO;
				ENABLE_STRICT_OBJC_MSGSEND = YES;
				ENABLE_USER_SCRIPT_SANDBOXING = YES;
				GCC_C_LANGUAGE_STANDARD = gnu17;
				GCC_NO_COMMON_BLOCKS = YES;
				GCC_WARN_64_TO_32_BIT_CONVERSION = YES;
				GCC_WARN_ABOUT_RETURN_TYPE = YES_ERROR;
				GCC_WARN_UNDECLARED_SELECTOR = YES;
				GCC_WARN_UNINITIALIZED_AUTOS = YES_AGGRESSIVE;
				GCC_WARN_UNUSED_FUNCTION = YES;
				GCC_WARN_UNUSED_VARIABLE = YES;
				IPHONEOS_DEPLOYMENT_TARGET = 18.0;
				LOCALIZATION_PREFERS_STRING_CATALOGS = YES;
				MTL_ENABLE_DEBUG_INFO = NO;
				MTL_FAST_MATH = YES;
				SDKROOT = iphoneos;
				SWIFT_COMPILATION_MODE = wholemodule;
				VALIDATE_PRODUCT = YES;
			};
			name = Release;
		};
		69EF019C2CFF2AEA00235013 /* Debug */ = {
			isa = XCBuildConfiguration;
			buildSettings = {
				ASSETCATALOG_COMPILER_APPICON_NAME = AppIcon;
				ASSETCATALOG_COMPILER_GLOBAL_ACCENT_COLOR_NAME = AccentColor;
				CODE_SIGN_STYLE = Automatic;
				CURRENT_PROJECT_VERSION = 1;
				DEVELOPMENT_ASSET_PATHS = "\"NavigationStackSwiftUI/Preview Content\"";
				DEVELOPMENT_TEAM = 8VWJ2F2DPD;
				ENABLE_PREVIEWS = YES;
				GENERATE_INFOPLIST_FILE = YES;
				INFOPLIST_KEY_UIApplicationSceneManifest_Generation = YES;
				INFOPLIST_KEY_UIApplicationSupportsIndirectInputEvents = YES;
				INFOPLIST_KEY_UILaunchScreen_Generation = YES;
				INFOPLIST_KEY_UISupportedInterfaceOrientations_iPad = "UIInterfaceOrientationPortrait UIInterfaceOrientationPortraitUpsideDown UIInterfaceOrientationLandscapeLeft UIInterfaceOrientationLandscapeRight";
				INFOPLIST_KEY_UISupportedInterfaceOrientations_iPhone = "UIInterfaceOrientationPortrait UIInterfaceOrientationLandscapeLeft UIInterfaceOrientationLandscapeRight";
				LD_RUNPATH_SEARCH_PATHS = (
					"$(inherited)",
					"@executable_path/Frameworks",
				);
				MARKETING_VERSION = 1.0;
				PRODUCT_BUNDLE_IDENTIFIER = com.lhsystems.navigationstack.NavigationStackSwiftUI;
				PRODUCT_NAME = "$(TARGET_NAME)";
				SWIFT_EMIT_LOC_STRINGS = YES;
				SWIFT_VERSION = 5.0;
				TARGETED_DEVICE_FAMILY = "1,2";
			};
			name = Debug;
		};
		69EF019D2CFF2AEA00235013 /* Release */ = {
			isa = XCBuildConfiguration;
			buildSettings = {
				ASSETCATALOG_COMPILER_APPICON_NAME = AppIcon;
				ASSETCATALOG_COMPILER_GLOBAL_ACCENT_COLOR_NAME = AccentColor;
				CODE_SIGN_STYLE = Automatic;
				CURRENT_PROJECT_VERSION = 1;
				DEVELOPMENT_ASSET_PATHS = "\"NavigationStackSwiftUI/Preview Content\"";
				DEVELOPMENT_TEAM = 8VWJ2F2DPD;
				ENABLE_PREVIEWS = YES;
				GENERATE_INFOPLIST_FILE = YES;
				INFOPLIST_KEY_UIApplicationSceneManifest_Generation = YES;
				INFOPLIST_KEY_UIApplicationSupportsIndirectInputEvents = YES;
				INFOPLIST_KEY_UILaunchScreen_Generation = YES;
				INFOPLIST_KEY_UISupportedInterfaceOrientations_iPad = "UIInterfaceOrientationPortrait UIInterfaceOrientationPortraitUpsideDown UIInterfaceOrientationLandscapeLeft UIInterfaceOrientationLandscapeRight";
				INFOPLIST_KEY_UISupportedInterfaceOrientations_iPhone = "UIInterfaceOrientationPortrait UIInterfaceOrientationLandscapeLeft UIInterfaceOrientationLandscapeRight";
				LD_RUNPATH_SEARCH_PATHS = (
					"$(inherited)",
					"@executable_path/Frameworks",
				);
				MARKETING_VERSION = 1.0;
				PRODUCT_BUNDLE_IDENTIFIER = com.lhsystems.navigationstack.NavigationStackSwiftUI;
				PRODUCT_NAME = "$(TARGET_NAME)";
				SWIFT_EMIT_LOC_STRINGS = YES;
				SWIFT_VERSION = 5.0;
				TARGETED_DEVICE_FAMILY = "1,2";
			};
			name = Release;
		};
/* End XCBuildConfiguration section */

/* Begin XCConfigurationList section */
		69EF01882CFF2AE800235013 /* Build configuration list for PBXProject "NavigationStackSwiftUI" */ = {
			isa = XCConfigurationList;
			buildConfigurations = (
				69EF01992CFF2AEA00235013 /* Debug */,
				69EF019A2CFF2AEA00235013 /* Release */,
			);
			defaultConfigurationIsVisible = 0;
			defaultConfigurationName = Release;
		};
		69EF019B2CFF2AEA00235013 /* Build configuration list for PBXNativeTarget "NavigationStackSwiftUI" */ = {
			isa = XCConfigurationList;
			buildConfigurations = (
				69EF019C2CFF2AEA00235013 /* Debug */,
				69EF019D2CFF2AEA00235013 /* Release */,
			);
			defaultConfigurationIsVisible = 0;
			defaultConfigurationName = Release;
		};
/* End XCConfigurationList section */
	};
	rootObject = 69EF01852CFF2AE800235013 /* Project object */;
}
